
Microsoft Visual Studio Solution File, Format Version 12.00
# Visual Studio Version 17
VisualStudioVersion = 17.9.34728.123
MinimumVisualStudioVersion = 10.0.40219.1
Project("{2150E333-8FDC-42A3-9474-1A3956D46DE8}") = "Services", "Services", "{549E9CC8-395B-4C82-A48A-5644975E4642}"
EndProject
Project("{2150E333-8FDC-42A3-9474-1A3956D46DE8}") = "Catalog", "Catalog", "{4D0B868F-4B70-4C6D-9055-8BE5CF912102}"
EndProject
Project("{9A19103F-16F7-4668-BE54-9A1E7A4F7556}") = "Catalog.API", "Services\Catalog\Catalog.API\Catalog.API.csproj", "{AEC074CC-4BBF-4EBE-8239-87A3F074E51E}"
EndProject
Project("{2150E333-8FDC-42A3-9474-1A3956D46DE8}") = "BuildingBlocks", "BuildingBlocks", "{B9B5D431-0C55-4C53-AD0C-5FC38E198DC1}"
EndProject
Project("{9A19103F-16F7-4668-BE54-9A1E7A4F7556}") = "BuildingBlocks", "BuildingBlocks\BuildingBlocks\BuildingBlocks.csproj", "{111F0CBE-04D5-48EA-8494-B53ED934AC30}"
EndProject
Project("{E53339B2-1760-4266-BCC7-CA923CBCF16C}") = "docker-compose", "docker-compose.dcproj", "{EAF9B317-6D1A-4CD6-A74F-56F29DB0151D}"
EndProject
Project("{2150E333-8FDC-42A3-9474-1A3956D46DE8}") = "Basket", "Basket", "{86F1FAFB-FA8E-4347-B13D-D30FDA157BB0}"
EndProject
Project("{FAE04EC0-301F-11D3-BF4B-00C04F79EFBC}") = "Basket.API", "Services\Basket\Basket.API\Basket.API.csproj", "{C9103636-414D-4A4E-99DA-5117321CF496}"
EndProject
Global
	GlobalSection(SolutionConfigurationPlatforms) = preSolution
		Debug|Any CPU = Debug|Any CPU
		Release|Any CPU = Release|Any CPU
	EndGlobalSection
	GlobalSection(ProjectConfigurationPlatforms) = postSolution
		{AEC074CC-4BBF-4EBE-8239-87A3F074E51E}.Debug|Any CPU.ActiveCfg = Debug|Any CPU
		{AEC074CC-4BBF-4EBE-8239-87A3F074E51E}.Debug|Any CPU.Build.0 = Debug|Any CPU
		{AEC074CC-4BBF-4EBE-8239-87A3F074E51E}.Release|Any CPU.ActiveCfg = Release|Any CPU
		{AEC074CC-4BBF-4EBE-8239-87A3F074E51E}.Release|Any CPU.Build.0 = Release|Any CPU
		{111F0CBE-04D5-48EA-8494-B53ED934AC30}.Debug|Any CPU.ActiveCfg = Debug|Any CPU
		{111F0CBE-04D5-48EA-8494-B53ED934AC30}.Debug|Any CPU.Build.0 = Debug|Any CPU
		{111F0CBE-04D5-48EA-8494-B53ED934AC30}.Release|Any CPU.ActiveCfg = Release|Any CPU
		{111F0CBE-04D5-48EA-8494-B53ED934AC30}.Release|Any CPU.Build.0 = Release|Any CPU
		{EAF9B317-6D1A-4CD6-A74F-56F29DB0151D}.Debug|Any CPU.ActiveCfg = Debug|Any CPU
		{EAF9B317-6D1A-4CD6-A74F-56F29DB0151D}.Debug|Any CPU.Build.0 = Debug|Any CPU
		{EAF9B317-6D1A-4CD6-A74F-56F29DB0151D}.Release|Any CPU.ActiveCfg = Release|Any CPU
		{EAF9B317-6D1A-4CD6-A74F-56F29DB0151D}.Release|Any CPU.Build.0 = Release|Any CPU
		{C9103636-414D-4A4E-99DA-5117321CF496}.Debug|Any CPU.ActiveCfg = Debug|Any CPU
		{C9103636-414D-4A4E-99DA-5117321CF496}.Debug|Any CPU.Build.0 = Debug|Any CPU
		{C9103636-414D-4A4E-99DA-5117321CF496}.Release|Any CPU.ActiveCfg = Release|Any CPU
		{C9103636-414D-4A4E-99DA-5117321CF496}.Release|Any CPU.Build.0 = Release|Any CPU
	EndGlobalSection
	GlobalSection(SolutionProperties) = preSolution
		HideSolutionNode = FALSE
	EndGlobalSection
	GlobalSection(NestedProjects) = preSolution
		{4D0B868F-4B70-4C6D-9055-8BE5CF912102} = {549E9CC8-395B-4C82-A48A-5644975E4642}
		{AEC074CC-4BBF-4EBE-8239-87A3F074E51E} = {4D0B868F-4B70-4C6D-9055-8BE5CF912102}
		{111F0CBE-04D5-48EA-8494-B53ED934AC30} = {B9B5D431-0C55-4C53-AD0C-5FC38E198DC1}
		{86F1FAFB-FA8E-4347-B13D-D30FDA157BB0} = {549E9CC8-395B-4C82-A48A-5644975E4642}
		{C9103636-414D-4A4E-99DA-5117321CF496} = {86F1FAFB-FA8E-4347-B13D-D30FDA157BB0}
	EndGlobalSection
	GlobalSection(ExtensibilityGlobals) = postSolution
		SolutionGuid = {551C63A4-C7DE-4AC6-B7A1-D778F10EAAF9}
	EndGlobalSection
EndGlobal
